<Solution>
  <Folder Name="/src/">
    <Project Path="src/AuraVault.Cli/AuraVault.Cli.csproj" />
    <Project Path="src/AuraVault.Core/AuraVault.Core.csproj" />
  </Folder>
  <Folder Name="/tests/">
    <Project Path="tests/AuraVault.Core.Tests/AuraVault.Core.Tests.csproj" />
  </Folder>
</Solution>
